
Microsoft Visual Studio Solution File, Format Version 12.00
# Visual Studio 15
VisualStudioVersion = 15.0.26730.16
MinimumVisualStudioVersion = 10.0.40219.1
Project("{FAE04EC0-301F-11D3-BF4B-00C04F79EFBC}") = "MyCoolWebServer", "MyCoolWebServer\MyCoolWebServer.csproj", "{D4B182EA-BA0D-45A6-A312-3B0A2662F1AD}"
EndProject
Global
	GlobalSection(SolutionConfigurationPlatforms) = preSolution
		Debug|Any CPU = Debug|Any CPU
		Release|Any CPU = Release|Any CPU
	EndGlobalSection
	GlobalSection(ProjectConfigurationPlatforms) = postSolution
		{D4B182EA-BA0D-45A6-A312-3B0A2662F1AD}.Debug|Any CPU.ActiveCfg = Debug|Any CPU
		{D4B182EA-BA0D-45A6-A312-3B0A2662F1AD}.Debug|Any CPU.Build.0 = Debug|Any CPU
		{D4B182EA-BA0D-45A6-A312-3B0A2662F1AD}.Release|Any CPU.ActiveCfg = Release|Any CPU
		{D4B182EA-BA0D-45A6-A312-3B0A2662F1AD}.Release|Any CPU.Build.0 = Release|Any CPU
	EndGlobalSection
	GlobalSection(SolutionProperties) = preSolution
		HideSolutionNode = FALSE
	EndGlobalSection
	GlobalSection(ExtensibilityGlobals) = postSolution
		SolutionGuid = {3ABA898C-743A-4BCB-94FE-871C34896B4B}
	EndGlobalSection
EndGlobal
